<?xml version="1.0" encoding="utf-8"?>
<Project ToolsVersion="4.0" xmlns="http://schemas.microsoft.com/developer/msbuild/2003">
  <ItemGroup>
    <Filter Include="Source Files">
      <UniqueIdentifier>{4FC737F1-C7A5-4376-A066-2A32D752A2FF}</UniqueIdentifier>
      <Extensions>cpp;c;cc;cxx;c++;cppm;ixx;def;odl;idl;hpj;bat;asm;asmx</Extensions>
    </Filter>
    <Filter Include="Header Files">
      <UniqueIdentifier>{93995380-89BD-4b04-88EB-625FBE52EBFB}</UniqueIdentifier>
      <Extensions>h;hh;hpp;hxx;h++;hm;inl;inc;ipp;xsd</Extensions>
    </Filter>
    <Filter Include="Resource Files">
      <UniqueIdentifier>{67DA6AB6-F800-4c08-8B7A-83BB121AAD01}</UniqueIdentifier>
      <Extensions>rc;ico;cur;bmp;dlg;rc2;rct;bin;rgs;gif;jpg;jpeg;jpe;resx;tiff;tif;png;wav;mfcribbon-ms</Extensions>
    </Filter>
    <Filter Include="Source Files\ConMIDI">
      <UniqueIdentifier>{264c39e6-d976-4728-9faa-5e9d9bc6f4a2}</UniqueIdentifier>
    </Filter>
    <Filter Include="Source Files\Essentials">
      <UniqueIdentifier>{96eef5e4-5c10-4721-b2a4-15088e51b6b6}</UniqueIdentifier>
    </Filter>
    <Filter Include="Source Files\ConMIDI\Synth">
      <UniqueIdentifier>{d32c240e-b91f-4b2e-a86f-ae0d3b933c92}</UniqueIdentifier>
    </Filter>
  </ItemGroup>
  <ItemGroup>
    <ClCompile Include="libSharpfall.cpp">
      <Filter>Source Files</Filter>
    </ClCompile>
    <ClCompile Include="PhysXUnity.cpp">
      <Filter>Source Files</Filter>
    </ClCompile>
    <ClCompile Include="ConMIDI.cpp">
      <Filter>Source Files\ConMIDI</Filter>
    </ClCompile>
    <ClCompile Include="BufferFile.cpp">
      <Filter>Source Files\Essentials</Filter>
    </ClCompile>
    <ClCompile Include="KDMAPI.cpp">
      <Filter>Source Files\ConMIDI\Synth</Filter>
    </ClCompile>
    <ClCompile Include="Synth.cpp">
      <Filter>Source Files\ConMIDI\Synth</Filter>
    </ClCompile>
    <ClCompile Include="ObjectManager.cpp">
      <Filter>Source Files</Filter>
    </ClCompile>
  </ItemGroup>
  <ItemGroup>
    <ClInclude Include="PhysXUnity.h">
      <Filter>Source Files</Filter>
    </ClInclude>
    <ClInclude Include="BufferFile.h">
      <Filter>Source Files\Essentials</Filter>
    </ClInclude>
    <ClInclude Include="KDMAPI.h">
      <Filter>Source Files\ConMIDI\Synth</Filter>
    </ClInclude>
    <ClInclude Include="Synth.h">
      <Filter>Source Files\ConMIDI\Synth</Filter>
    </ClInclude>
    <ClInclude Include="ConMIDI.h">
      <Filter>Source Files\ConMIDI</Filter>
    </ClInclude>
    <ClInclude Include="Clock.h">
      <Filter>Source Files\ConMIDI</Filter>
    </ClInclude>
    <ClInclude Include="EventThread.h">
      <Filter>Source Files\ConMIDI</Filter>
    </ClInclude>
    <ClInclude Include="UniSleep.h">
      <Filter>Source Files\Essentials</Filter>
    </ClInclude>
    <ClInclude Include="ObjectManager.h">
      <Filter>Source Files</Filter>
    </ClInclude>
  </ItemGroup>
</Project>